
Microsoft Visual Studio Solution File, Format Version 12.00
# Visual Studio 15
VisualStudioVersion = 15.0.28307.136
MinimumVisualStudioVersion = 10.0.40219.1
Project("{FAE04EC0-301F-11D3-BF4B-00C04F79EFBC}") = "WebAppStyle", "WebAppStyle\WebAppStyle.csproj", "{F89EFFDB-BF59-49B1-ADEF-16C6ACB36EF1}"
EndProject
Global
	GlobalSection(SolutionConfigurationPlatforms) = preSolution
		Debug|Any CPU = Debug|Any CPU
		Release|Any CPU = Release|Any CPU
	EndGlobalSection
	GlobalSection(ProjectConfigurationPlatforms) = postSolution
		{F89EFFDB-BF59-49B1-ADEF-16C6ACB36EF1}.Debug|Any CPU.ActiveCfg = Debug|Any CPU
		{F89EFFDB-BF59-49B1-ADEF-16C6ACB36EF1}.Debug|Any CPU.Build.0 = Debug|Any CPU
		{F89EFFDB-BF59-49B1-ADEF-16C6ACB36EF1}.Release|Any CPU.ActiveCfg = Release|Any CPU
		{F89EFFDB-BF59-49B1-ADEF-16C6ACB36EF1}.Release|Any CPU.Build.0 = Release|Any CPU
	EndGlobalSection
	GlobalSection(SolutionProperties) = preSolution
		HideSolutionNode = FALSE
	EndGlobalSection
	GlobalSection(ExtensibilityGlobals) = postSolution
		SolutionGuid = {EA18E533-6C4D-404A-8DA5-BC487199C2D0}
	EndGlobalSection
EndGlobal
